# This file is automatically @generated by Cargo.
# It is not intended for manual editing.
version = 4

[[package]]
# Projenin bağımlı olduğu bir paketin (crate) tanım bloğu başlar. Her bağımlılık için ayrı bir blok bulunur.
name = "ahash"
# Paketin adı: "ahash" (hızlı bir karma algoritması kütüphanesi).
version = "0.8.11"
# "ahash" paketinin bu projede kullanılan kilitlenmiş kesin sürümü: "0.8.11".
source = "registry+https://github.com/rust-lang/crates.io-index"
# Paketin indirildiği kaynak: crates.io (Rust'ın resmi paket deposu).
checksum = "e89da841a80418a9b391ebaea17f5c112ffaaa96f621d2c285b5174da76b9011"
# "ahash" v0.8.11 paketinin SHA256 sağlama toplamı (bütünlük doğrulaması için).
dependencies = [
# "ahash" paketinin kendi bağımlılık listesi başlar (bu paketin ihtiyaç duyduğu diğer kütüphaneler).
 "cfg-if",
# "ahash", "cfg-if" paketine bağımlıdır (koşullu derleme için).
 "once_cell",
# "ahash", "once_cell" paketine bağımlıdır (değerlerin bir kerelik başlatılması için).
 "version_check",
# "ahash", "version_check" paketine bağımlıdır (Rust derleyici sürümünü kontrol etmek için).
 "zerocopy 0.7.35",
# "ahash", "zerocopy" paketinin "0.7.35" sürümüne bağımlıdır (sıfır kopya ile veri dönüştürme için).
]
# "ahash" paketinin bağımlılık listesinin sonu.

[[package]]
# Yeni bir paket tanımı başlar.
name = "android-tzdata"
# Paketin adı: "android-tzdata" (Android zaman dilimi verileri için).
version = "0.1.1"
# "android-tzdata" paketinin kilitlenmiş sürümü: "0.1.1".
source = "registry+https://github.com/rust-lang/crates.io-index"
# Kaynak: crates.io.
checksum = "e999941b234f3131b00bc13c22d06e8c5ff726d1b6318ac7eb276997bbb4fef0"
# "android-tzdata" v0.1.1 için sağlama toplamı.
# Bu paketin doğrudan Rust kütüphanesi bağımlılığı bu blokta listelenmemiş.

[[package]]
# Yeni bir paket tanımı başlar.
name = "android_system_properties"
# Paketin adı: "android_system_properties" (Android sistem özelliklerine erişim için).
version = "0.1.5"
# "android_system_properties" paketinin kilitlenmiş sürümü: "0.1.5".
source = "registry+https://github.com/rust-lang/crates.io-index"
# Kaynak: crates.io.
checksum = "819e7219dbd41043ac279b19830f2efc897156490d7fd6ea916720117ee66311"
# "android_system_properties" v0.1.5 için sağlama toplamı.
dependencies = [
# "android_system_properties" paketinin bağımlılıkları:
 "libc",
# "libc" paketine bağımlıdır (C standart kütüphanesi ile etkileşim için).
]

[[package]]
# Yeni bir paket tanımı başlar.
name = "arbitrary"
# Paketin adı: "arbitrary" (fuzzing ve rastgele veri üretimi için).
version = "1.3.2"
# "arbitrary" paketinin kilitlenmiş sürümü: "1.3.2".
source = "registry+https://github.com/rust-lang/crates.io-index"
# Kaynak: crates.io.
checksum = "7d5a26814d8dcb93b0e5a0ff3c6d80a8843bafb21b39e8e18a6f05471870e110"
# "arbitrary" v1.3.2 için sağlama toplamı.
dependencies = [
# "arbitrary" paketinin bağımlılıkları:
 "derive_arbitrary",
# "derive_arbitrary" paketine bağımlıdır (`Arbitrary` özelliğini türetmek için makro).
]

[[package]]
# Yeni bir paket tanımı başlar.
name = "ark-bls12-381"
# Paketin adı: "ark-bls12-381" (BLS12-381 kriptografik eğri uygulaması).
version = "0.4.0"
# "ark-bls12-381" paketinin kilitlenmiş sürümü: "0.4.0".
source = "registry+https://github.com/rust-lang/crates.io-index"
# Kaynak: crates.io.
checksum = "c775f0d12169cba7aae4caeb547bb6a50781c7449a8aa53793827c9ec4abf488"
# "ark-bls12-381" v0.4.0 için sağlama toplamı.
dependencies = [
# "ark-bls12-381" paketinin bağımlılıkları:
 "ark-ec",
# "ark-ec" paketine bağımlıdır (eliptik eğri işlemleri).
 "ark-ff",
# "ark-ff" paketine bağımlıdır (sonlu cisim aritmetiği).
 "ark-serialize",
# "ark-serialize" paketine bağımlıdır (Arkworks için serileştirme).
 "ark-std",
# "ark-std" paketine bağımlıdır (Arkworks için `no_std` uyumlu yardımcılar).
]

[[package]]
# Yeni bir paket tanımı başlar.
name = "ark-ec"
# Paketin adı: "ark-ec" (eliptik eğri kriptografisi temelleri).
version = "0.4.2"
# "ark-ec" paketinin kilitlenmiş sürümü: "0.4.2".
source = "registry+https://github.com/rust-lang/crates.io-index"
# Kaynak: crates.io.
checksum = "defd9a439d56ac24968cca0571f598a61bc8c55f71d50a89cda591cb750670ba"
# "ark-ec" v0.4.2 için sağlama toplamı.
dependencies = [
 "ark-ff",
# "ark-ff" paketine bağımlıdır.
 "ark-poly",
# "ark-poly" paketine bağımlıdır (polinom işlemleri).
 "ark-serialize",
# "ark-serialize" paketine bağımlıdır.
 "ark-std",
# "ark-std" paketine bağımlıdır.
 "derivative",
# "derivative" paketine bağımlıdır (standart özellikleri gelişmiş şekilde türetmek için).
 "hashbrown 0.13.2",
# "hashbrown" paketinin "0.13.2" sürümüne bağımlıdır (hızlı hash map/set).
 "itertools",
# "itertools" paketine bağımlıdır (gelişmiş yineleyici (iterator) araçları).
 "num-traits",
# "num-traits" paketine bağımlıdır (sayısal türler için genel özellikler).
 "zeroize",
# "zeroize" paketine bağımlıdır (bellekteki hassas verileri güvenle sıfırlamak için).
]

# ... (Dosyanın geri kalanı da benzer şekilde yorumlanabilir) ...

[[package]]
# Yeni bir paket tanımı başlar.
name = "soroban-timelock"
# Paketin adı: "soroban-timelock" (Sizin ana projeniz).
version = "0.0.0"
# "soroban-timelock" projesinin `Cargo.toml` dosyasındaki sürümü: "0.0.0".
dependencies = [
# "soroban-timelock" projesinin doğrudan bağımlılıkları:
 "soroban-sdk",
# "soroban-sdk" paketine bağımlıdır (Soroban akıllı kontrat geliştirme kiti).
]
# Yerel paketler (projenin kendisi gibi) için `source` ve `checksum` alanları olmaz.

# --- Genel Notlar (Cargo.lock Dosyası Hakkında) ---
# - Her `[[package]]` bloğu, projenin bağımlı olduğu bir kütüphaneyi (ve onun belirli bir sürümünü) tanımlar.
# - `name`: Kütüphanenin adı.
# - `version`: Kullanılan kesin sürüm.
# - `source`: Kütüphanenin indirildiği yer (genellikle crates.io).
# - `checksum`: Kütüphanenin bütünlüğünü doğrulamak için kullanılan kontrol toplamı.
# - `dependencies`: Bu kütüphanenin çalışmak için ihtiyaç duyduğu diğer kütüphaneler.
# - Bu dosya, tüm bağımlılık ağacını (doğrudan ve dolaylı tüm bağımlılıkları) kilitler.
# - Bu sayede, projeniz her zaman, her yerde aynı bağımlılıklarla derlenir (tekrarlanabilir derlemeler).
# - Bir kütüphanenin birden fazla sürümü dosyada yer alabilir; bu, farklı bağımlılıkların aynı kütüphanenin farklı ana sürümlerine ihtiyaç duymasından kaynaklanabilir.